
Microsoft Visual Studio Solution File, Format Version 12.00
# Visual Studio Version 17
VisualStudioVersion = 17.3.32819.101
MinimumVisualStudioVersion = 10.0.40219.1
Project("{9A19103F-16F7-4668-BE54-9A1E7A4F7556}") = "Tech Store", "Tech Store\Tech Store.csproj", "{F3B193B5-208D-4A6D-B8F7-1FBF0D1A726F}"
EndProject
Global
	GlobalSection(SolutionConfigurationPlatforms) = preSolution
		Debug|Any CPU = Debug|Any CPU
		Release|Any CPU = Release|Any CPU
	EndGlobalSection
	GlobalSection(ProjectConfigurationPlatforms) = postSolution
		{F3B193B5-208D-4A6D-B8F7-1FBF0D1A726F}.Debug|Any CPU.ActiveCfg = Debug|Any CPU
		{F3B193B5-208D-4A6D-B8F7-1FBF0D1A726F}.Debug|Any CPU.Build.0 = Debug|Any CPU
		{F3B193B5-208D-4A6D-B8F7-1FBF0D1A726F}.Release|Any CPU.ActiveCfg = Release|Any CPU
		{F3B193B5-208D-4A6D-B8F7-1FBF0D1A726F}.Release|Any CPU.Build.0 = Release|Any CPU
	EndGlobalSection
	GlobalSection(SolutionProperties) = preSolution
		HideSolutionNode = FALSE
	EndGlobalSection
	GlobalSection(ExtensibilityGlobals) = postSolution
		SolutionGuid = {DC35B80C-0616-40C1-8B71-15E15A598493}
	EndGlobalSection
EndGlobal
